Microsoft Visual Studio Solution File, Format Version 12.00
# Visual Studio 2012
Project("{FAE04EC0-301F-11D3-BF4B-00C04F79EFBC}") = "Freshers Jam Game", "Freshers Jam Game.csproj", "{418143F0-A048-4120-A042-A5AEC795AC70}"
EndProject
Global
	GlobalSection(SolutionConfigurationPlatforms) = preSolution
	Debug|Any CPU = Debug|Any CPU
	ExportDebug|Any CPU = ExportDebug|Any CPU
	ExportRelease|Any CPU = ExportRelease|Any CPU
	EndGlobalSection
	GlobalSection(ProjectConfigurationPlatforms) = postSolution
		{418143F0-A048-4120-A042-A5AEC795AC70}.Debug|Any CPU.ActiveCfg = Debug|Any CPU
		{418143F0-A048-4120-A042-A5AEC795AC70}.Debug|Any CPU.Build.0 = Debug|Any CPU
		{418143F0-A048-4120-A042-A5AEC795AC70}.ExportDebug|Any CPU.ActiveCfg = ExportDebug|Any CPU
		{418143F0-A048-4120-A042-A5AEC795AC70}.ExportDebug|Any CPU.Build.0 = ExportDebug|Any CPU
		{418143F0-A048-4120-A042-A5AEC795AC70}.ExportRelease|Any CPU.ActiveCfg = ExportRelease|Any CPU
		{418143F0-A048-4120-A042-A5AEC795AC70}.ExportRelease|Any CPU.Build.0 = ExportRelease|Any CPU
	EndGlobalSection
EndGlobal
